// !$*UTF8*$!
{
	archiveVersion = 1;
	classes = {
	};
	objectVersion = 51;
	objects = {

/* Begin PBXBuildFile section */
		228BCE10252A2A66004A952D /* AppDelegate.swift in Sources */ = {isa = PBXBuildFile; fileRef = 228BCE0F252A2A66004A952D /* AppDelegate.swift */; };
		228BCE12252A2A66004A952D /* SceneDelegate.swift in Sources */ = {isa = PBXBuildFile; fileRef = 228BCE11252A2A66004A952D /* SceneDelegate.swift */; };
		228BCE14252A2A66004A952D /* ViewController.swift in Sources */ = {isa = PBXBuildFile; fileRef = 228BCE13252A2A66004A952D /* ViewController.swift */; };
		228BCE17252A2A66004A952D /* Main.storyboard in Resources */ = {isa = PBXBuildFile; fileRef = 228BCE15252A2A66004A952D /* Main.storyboard */; };
		228BCE19252A2A67004A952D /* Assets.xcassets in Resources */ = {isa = PBXBuildFile; fileRef = 228BCE18252A2A67004A952D /* Assets.xcassets */; };
		228BCE1C252A2A67004A952D /* LaunchScreen.storyboard in Resources */ = {isa = PBXBuildFile; fileRef = 228BCE1A252A2A67004A952D /* LaunchScreen.storyboard */; };
		228BCE27252A2A67004A952D /* testAppTests.swift in Sources */ = {isa = PBXBuildFile; fileRef = 228BCE26252A2A67004A952D /* testAppTests.swift */; };
		228BCE32252A2A67004A952D /* testAppUITests.swift in Sources */ = {isa = PBXBuildFile; fileRef = 228BCE31252A2A67004A952D /* testAppUITests.swift */; };
		228CBA5A2539959F00439331 /* CustomAuthPickerViewController.swift in Sources */ = {isa = PBXBuildFile; fileRef = 228CBA582539959F00439331 /* CustomAuthPickerViewController.swift */; };
		228CBA5B2539959F00439331 /* CustomAuthPickerViewController.xib in Resources */ = {isa = PBXBuildFile; fileRef = 228CBA592539959F00439331 /* CustomAuthPickerViewController.xib */; };
		228CBAFF25402BFB00439331 /* Firest.storyboard in Resources */ = {isa = PBXBuildFile; fileRef = 228CBAFE25402BFB00439331 /* Firest.storyboard */; };
		22A5B53D253734F500FD652A /* GoogleService-Info.plist in Resources */ = {isa = PBXBuildFile; fileRef = 22A5B53C253734F500FD652A /* GoogleService-Info.plist */; };
		4A8B1566C44D955BA66111F4 /* Pods_testApp.framework in Frameworks */ = {isa = PBXBuildFile; fileRef = 41546974E4FBF84D0549FA50 /* Pods_testApp.framework */; };
		76861F1E80662596EB235CAD /* Pods_testApp_testAppUITests.framework in Frameworks */ = {isa = PBXBuildFile; fileRef = F7175B22D6CC72D3941FCA5B /* Pods_testApp_testAppUITests.framework */; };
		8438DEA6633CCF7C3A5907B4 /* Pods_testAppTests.framework in Frameworks */ = {isa = PBXBuildFile; fileRef = 673B28224AA9E3A8651B03C8 /* Pods_testAppTests.framework */; };
/* End PBXBuildFile section */

/* Begin PBXContainerItemProxy section */
		228BCE23252A2A67004A952D /* PBXContainerItemProxy */ = {
			isa = PBXContainerItemProxy;
			containerPortal = 228BCE04252A2A66004A952D /* Project object */;
			proxyType = 1;
			remoteGlobalIDString = 228BCE0B252A2A66004A952D;
			remoteInfo = testApp;
		};
		228BCE2E252A2A67004A952D /* PBXContainerItemProxy */ = {
			isa = PBXContainerItemProxy;
			containerPortal = 228BCE04252A2A66004A952D /* Project object */;
			proxyType = 1;
			remoteGlobalIDString = 228BCE0B252A2A66004A952D;
			remoteInfo = testApp;
		};
/* End PBXContainerItemProxy section */

/* Begin PBXFileReference section */
		228BCE0C252A2A66004A952D /* testApp.app */ = {isa = PBXFileReference; explicitFileType = wrapper.application; includeInIndex = 0; path = testApp.app; sourceTree = BUILT_PRODUCTS_DIR; };
		228BCE0F252A2A66004A952D /* AppDelegate.swift */ = {isa = PBXFileReference; lastKnownFileType = sourcecode.swift; path = AppDelegate.swift; sourceTree = "<group>"; };
		228BCE11252A2A66004A952D /* SceneDelegate.swift */ = {isa = PBXFileReference; lastKnownFileType = sourcecode.swift; path = SceneDelegate.swift; sourceTree = "<group>"; };
		228BCE13252A2A66004A952D /* ViewController.swift */ = {isa = PBXFileReference; lastKnownFileType = sourcecode.swift; path = ViewController.swift; sourceTree = "<group>"; };
		228BCE16252A2A66004A952D /* Base */ = {isa = PBXFileReference; lastKnownFileType = file.storyboard; name = Base; path = Base.lproj/Main.storyboard; sourceTree = "<group>"; };
		228BCE18252A2A67004A952D /* Assets.xcassets */ = {isa = PBXFileReference; lastKnownFileType = folder.assetcatalog; path = Assets.xcassets; sourceTree = "<group>"; };
		228BCE1B252A2A67004A952D /* Base */ = {isa = PBXFileReference; lastKnownFileType = file.storyboard; name = Base; path = Base.lproj/LaunchScreen.storyboard; sourceTree = "<group>"; };
		228BCE1D252A2A67004A952D /* Info.plist */ = {isa = PBXFileReference; lastKnownFileType = text.plist.xml; path = Info.plist; sourceTree = "<group>"; };
		228BCE22252A2A67004A952D /* testAppTests.xctest */ = {isa = PBXFileReference; explicitFileType = wrapper.cfbundle; includeInIndex = 0; path = testAppTests.xctest; sourceTree = BUILT_PRODUCTS_DIR; };
		228BCE26252A2A67004A952D /* testAppTests.swift */ = {isa = PBXFileReference; lastKnownFileType = sourcecode.swift; path = testAppTests.swift; sourceTree = "<group>"; };
		228BCE28252A2A67004A952D /* Info.plist */ = {isa = PBXFileReference; lastKnownFileType = text.plist.xml; path = Info.plist; sourceTree = "<group>"; };
		228BCE2D252A2A67004A952D /* testAppUITests.xctest */ = {isa = PBXFileReference; explicitFileType = wrapper.cfbundle; includeInIndex = 0; path = testAppUITests.xctest; sourceTree = BUILT_PRODUCTS_DIR; };
		228BCE31252A2A67004A952D /* testAppUITests.swift */ = {isa = PBXFileReference; lastKnownFileType = sourcecode.swift; path = testAppUITests.swift; sourceTree = "<group>"; };
		228BCE33252A2A67004A952D /* Info.plist */ = {isa = PBXFileReference; lastKnownFileType = text.plist.xml; path = Info.plist; sourceTree = "<group>"; };
		228BCE42252AB699004A952D /* testApp.entitlements */ = {isa = PBXFileReference; lastKnownFileType = text.plist.entitlements; path = testApp.entitlements; sourceTree = "<group>"; };
		228CBA582539959F00439331 /* CustomAuthPickerViewController.swift */ = {isa = PBXFileReference; lastKnownFileType = sourcecode.swift; path = CustomAuthPickerViewController.swift; sourceTree = "<group>"; };
		228CBA592539959F00439331 /* CustomAuthPickerViewController.xib */ = {isa = PBXFileReference; lastKnownFileType = file.xib; path = CustomAuthPickerViewController.xib; sourceTree = "<group>"; };
		228CBAFE25402BFB00439331 /* Firest.storyboard */ = {isa = PBXFileReference; lastKnownFileType = file.storyboard; path = Firest.storyboard; sourceTree = "<group>"; };
		22A5B53C253734F500FD652A /* GoogleService-Info.plist */ = {isa = PBXFileReference; fileEncoding = 4; lastKnownFileType = text.plist.xml; path = "GoogleService-Info.plist"; sourceTree = "<group>"; };
		4147ABE22FE9D8E2829AB062 /* Pods-testApp.release.xcconfig */ = {isa = PBXFileReference; includeInIndex = 1; lastKnownFileType = text.xcconfig; name = "Pods-testApp.release.xcconfig"; path = "Target Support Files/Pods-testApp/Pods-testApp.release.xcconfig"; sourceTree = "<group>"; };
		41546974E4FBF84D0549FA50 /* Pods_testApp.framework */ = {isa = PBXFileReference; explicitFileType = wrapper.framework; includeInIndex = 0; path = Pods_testApp.framework; sourceTree = BUILT_PRODUCTS_DIR; };
		4AA96529FA0001DF7BA797BC /* Pods-testAppTests.release.xcconfig */ = {isa = PBXFileReference; includeInIndex = 1; lastKnownFileType = text.xcconfig; name = "Pods-testAppTests.release.xcconfig"; path = "Target Support Files/Pods-testAppTests/Pods-testAppTests.release.xcconfig"; sourceTree = "<group>"; };
		673B28224AA9E3A8651B03C8 /* Pods_testAppTests.framework */ = {isa = PBXFileReference; explicitFileType = wrapper.framework; includeInIndex = 0; path = Pods_testAppTests.framework; sourceTree = BUILT_PRODUCTS_DIR; };
		B801C7A58D42819AFB869CA4 /* Pods-testApp.debug.xcconfig */ = {isa = PBXFileReference; includeInIndex = 1; lastKnownFileType = text.xcconfig; name = "Pods-testApp.debug.xcconfig"; path = "Target Support Files/Pods-testApp/Pods-testApp.debug.xcconfig"; sourceTree = "<group>"; };
		BACE1808CE294A2DB2B40267 /* Pods-testApp-testAppUITests.debug.xcconfig */ = {isa = PBXFileReference; includeInIndex = 1; lastKnownFileType = text.xcconfig; name = "Pods-testApp-testAppUITests.debug.xcconfig"; path = "Target Support Files/Pods-testApp-testAppUITests/Pods-testApp-testAppUITests.debug.xcconfig"; sourceTree = "<group>"; };
		CBC81AC243EB161C1E8D3332 /* Pods-testApp-testAppUITests.release.xcconfig */ = {isa = PBXFileReference; includeInIndex = 1; lastKnownFileType = text.xcconfig; name = "Pods-testApp-testAppUITests.release.xcconfig"; path = "Target Support Files/Pods-testApp-testAppUITests/Pods-testApp-testAppUITests.release.xcconfig"; sourceTree = "<group>"; };
		D25E247FDF16229C3B2C5641 /* Pods-testAppTests.debug.xcconfig */ = {isa = PBXFileReference; includeInIndex = 1; lastKnownFileType = text.xcconfig; name = "Pods-testAppTests.debug.xcconfig"; path = "Target Support Files/Pods-testAppTests/Pods-testAppTests.debug.xcconfig"; sourceTree = "<group>"; };
		F7175B22D6CC72D3941FCA5B /* Pods_testApp_testAppUITests.framework */ = {isa = PBXFileReference; explicitFileType = wrapper.framework; includeInIndex = 0; path = Pods_testApp_testAppUITests.framework; sourceTree = BUILT_PRODUCTS_DIR; };
/* End PBXFileReference section */

/* Begin PBXFrameworksBuildPhase section */
		228BCE09252A2A66004A952D /* Frameworks */ = {
			isa = PBXFrameworksBuildPhase;
			buildActionMask = 2147483647;
			files = (
				4A8B1566C44D955BA66111F4 /* Pods_testApp.framework in Frameworks */,
			);
			runOnlyForDeploymentPostprocessing = 0;
		};
		228BCE1F252A2A67004A952D /* Frameworks */ = {
			isa = PBXFrameworksBuildPhase;
			buildActionMask = 2147483647;
			files = (
				8438DEA6633CCF7C3A5907B4 /* Pods_testAppTests.framework in Frameworks */,
			);
			runOnlyForDeploymentPostprocessing = 0;
		};
		228BCE2A252A2A67004A952D /* Frameworks */ = {
			isa = PBXFrameworksBuildPhase;
			buildActionMask = 2147483647;
			files = (
				76861F1E80662596EB235CAD /* Pods_testApp_testAppUITests.framework in Frameworks */,
			);
			runOnlyForDeploymentPostprocessing = 0;
		};
/* End PBXFrameworksBuildPhase section */

/* Begin PBXGroup section */
		228BCE03252A2A66004A952D = {
			isa = PBXGroup;
			children = (
				228BCE0E252A2A66004A952D /* testApp */,
				228BCE25252A2A67004A952D /* testAppTests */,
				228BCE30252A2A67004A952D /* testAppUITests */,
				228BCE0D252A2A66004A952D /* Products */,
				A47768AEB3D24C4BBD7F7E81 /* Pods */,
				427DA9E8AC85EDDDDBEA6EBE /* Frameworks */,
			);
			sourceTree = "<group>";
		};
		228BCE0D252A2A66004A952D /* Products */ = {
			isa = PBXGroup;
			children = (
				228BCE0C252A2A66004A952D /* testApp.app */,
				228BCE22252A2A67004A952D /* testAppTests.xctest */,
				228BCE2D252A2A67004A952D /* testAppUITests.xctest */,
			);
			name = Products;
			sourceTree = "<group>";
		};
		228BCE0E252A2A66004A952D /* testApp */ = {
			isa = PBXGroup;
			children = (
				228BCE42252AB699004A952D /* testApp.entitlements */,
				228BCE0F252A2A66004A952D /* AppDelegate.swift */,
				228BCE11252A2A66004A952D /* SceneDelegate.swift */,
				228BCE13252A2A66004A952D /* ViewController.swift */,
				228CBA582539959F00439331 /* CustomAuthPickerViewController.swift */,
				228CBAFE25402BFB00439331 /* Firest.storyboard */,
				228BCE15252A2A66004A952D /* Main.storyboard */,
				228BCE18252A2A67004A952D /* Assets.xcassets */,
				228BCE1A252A2A67004A952D /* LaunchScreen.storyboard */,
				22A5B53C253734F500FD652A /* GoogleService-Info.plist */,
				228BCE1D252A2A67004A952D /* Info.plist */,
				228CBA592539959F00439331 /* CustomAuthPickerViewController.xib */,
			);
			path = testApp;
			sourceTree = "<group>";
		};
		228BCE25252A2A67004A952D /* testAppTests */ = {
			isa = PBXGroup;
			children = (
				228BCE26252A2A67004A952D /* testAppTests.swift */,
				228BCE28252A2A67004A952D /* Info.plist */,
			);
			path = testAppTests;
			sourceTree = "<group>";
		};
		228BCE30252A2A67004A952D /* testAppUITests */ = {
			isa = PBXGroup;
			children = (
				228BCE31252A2A67004A952D /* testAppUITests.swift */,
				228BCE33252A2A67004A952D /* Info.plist */,
			);
			path = testAppUITests;
			sourceTree = "<group>";
		};
		427DA9E8AC85EDDDDBEA6EBE /* Frameworks */ = {
			isa = PBXGroup;
			children = (
				41546974E4FBF84D0549FA50 /* Pods_testApp.framework */,
				F7175B22D6CC72D3941FCA5B /* Pods_testApp_testAppUITests.framework */,
				673B28224AA9E3A8651B03C8 /* Pods_testAppTests.framework */,
			);
			name = Frameworks;
			sourceTree = "<group>";
		};
		A47768AEB3D24C4BBD7F7E81 /* Pods */ = {
			isa = PBXGroup;
			children = (
				B801C7A58D42819AFB869CA4 /* Pods-testApp.debug.xcconfig */,
				4147ABE22FE9D8E2829AB062 /* Pods-testApp.release.xcconfig */,
				BACE1808CE294A2DB2B40267 /* Pods-testApp-testAppUITests.debug.xcconfig */,
				CBC81AC243EB161C1E8D3332 /* Pods-testApp-testAppUITests.release.xcconfig */,
				D25E247FDF16229C3B2C5641 /* Pods-testAppTests.debug.xcconfig */,
				4AA96529FA0001DF7BA797BC /* Pods-testAppTests.release.xcconfig */,
			);
			path = Pods;
			sourceTree = "<group>";
		};
/* End PBXGroup section */

/* Begin PBXNativeTarget section */
		228BCE0B252A2A66004A952D /* testApp */ = {
			isa = PBXNativeTarget;
			buildConfigurationList = 228BCE36252A2A67004A952D /* Build configuration list for PBXNativeTarget "testApp" */;
			buildPhases = (
				4F6C01D695D0B783B85A61AB /* [CP] Check Pods Manifest.lock */,
				228BCE08252A2A66004A952D /* Sources */,
				228BCE09252A2A66004A952D /* Frameworks */,
				228BCE0A252A2A66004A952D /* Resources */,
				01BE28E7998BF79CA95BA486 /* [CP] Embed Pods Frameworks */,
				26E8D22323583DFF871F90D3 /* [CP] Copy Pods Resources */,
			);
			buildRules = (
			);
			dependencies = (
			);
			name = testApp;
			productName = testApp;
			productReference = 228BCE0C252A2A66004A952D /* testApp.app */;
			productType = "com.apple.product-type.application";
		};
		228BCE21252A2A67004A952D /* testAppTests */ = {
			isa = PBXNativeTarget;
			buildConfigurationList = 228BCE39252A2A67004A952D /* Build configuration list for PBXNativeTarget "testAppTests" */;
			buildPhases = (
				5E0EC0F4A4B9C039EA8B28BC /* [CP] Check Pods Manifest.lock */,
				228BCE1E252A2A67004A952D /* Sources */,
				228BCE1F252A2A67004A952D /* Frameworks */,
				228BCE20252A2A67004A952D /* Resources */,
			);
			buildRules = (
			);
			dependencies = (
				228BCE24252A2A67004A952D /* PBXTargetDependency */,
			);
			name = testAppTests;
			productName = testAppTests;
			productReference = 228BCE22252A2A67004A952D /* testAppTests.xctest */;
			productType = "com.apple.product-type.bundle.unit-test";
		};
		228BCE2C252A2A67004A952D /* testAppUITests */ = {
			isa = PBXNativeTarget;
			buildConfigurationList = 228BCE3C252A2A67004A952D /* Build configuration list for PBXNativeTarget "testAppUITests" */;
			buildPhases = (
				395BD9C29A1F4FC477ECC11E /* [CP] Check Pods Manifest.lock */,
				228BCE29252A2A67004A952D /* Sources */,
				228BCE2A252A2A67004A952D /* Frameworks */,
				228BCE2B252A2A67004A952D /* Resources */,
				79B238791F30E67EE1B75207 /* [CP] Embed Pods Frameworks */,
				A0D4CECC605422830EEEC519 /* [CP] Copy Pods Resources */,
			);
			buildRules = (
			);
			dependencies = (
				228BCE2F252A2A67004A952D /* PBXTargetDependency */,
			);
			name = testAppUITests;
			productName = testAppUITests;
			productReference = 228BCE2D252A2A67004A952D /* testAppUITests.xctest */;
			productType = "com.apple.product-type.bundle.ui-testing";
		};
/* End PBXNativeTarget section */

/* Begin PBXProject section */
		228BCE04252A2A66004A952D /* Project object */ = {
			isa = PBXProject;
			attributes = {
				LastSwiftUpdateCheck = 1200;
				LastUpgradeCheck = 1200;
				TargetAttributes = {
					228BCE0B252A2A66004A952D = {
						CreatedOnToolsVersion = 12.0.1;
					};
					228BCE21252A2A67004A952D = {
						CreatedOnToolsVersion = 12.0.1;
						TestTargetID = 228BCE0B252A2A66004A952D;
					};
					228BCE2C252A2A67004A952D = {
						CreatedOnToolsVersion = 12.0.1;
						TestTargetID = 228BCE0B252A2A66004A952D;
					};
				};
			};
			buildConfigurationList = 228BCE07252A2A66004A952D /* Build configuration list for PBXProject "testApp" */;
			compatibilityVersion = "Xcode 9.3";
			developmentRegion = en;
			hasScannedForEncodings = 0;
			knownRegions = (
				en,
				Base,
			);
			mainGroup = 228BCE03252A2A66004A952D;
			productRefGroup = 228BCE0D252A2A66004A952D /* Products */;
			projectDirPath = "";
			projectRoot = "";
			targets = (
				228BCE0B252A2A66004A952D /* testApp */,
				228BCE21252A2A67004A952D /* testAppTests */,
				228BCE2C252A2A67004A952D /* testAppUITests */,
			);
		};
/* End PBXProject section */

/* Begin PBXResourcesBuildPhase section */
		228BCE0A252A2A66004A952D /* Resources */ = {
			isa = PBXResourcesBuildPhase;
			buildActionMask = 2147483647;
			files = (
				228BCE1C252A2A67004A952D /* LaunchScreen.storyboard in Resources */,
				228BCE19252A2A67004A952D /* Assets.xcassets in Resources */,
				228CBA5B2539959F00439331 /* CustomAuthPickerViewController.xib in Resources */,
				228CBAFF25402BFB00439331 /* Firest.storyboard in Resources */,
				22A5B53D253734F500FD652A /* GoogleService-Info.plist in Resources */,
				228BCE17252A2A66004A952D /* Main.storyboard in Resources */,
			);
			runOnlyForDeploymentPostprocessing = 0;
		};
		228BCE20252A2A67004A952D /* Resources */ = {
			isa = PBXResourcesBuildPhase;
			buildActionMask = 2147483647;
			files = (
			);
			runOnlyForDeploymentPostprocessing = 0;
		};
		228BCE2B252A2A67004A952D /* Resources */ = {
			isa = PBXResourcesBuildPhase;
			buildActionMask = 2147483647;
			files = (
			);
			runOnlyForDeploymentPostprocessing = 0;
		};
/* End PBXResourcesBuildPhase section */

/* Begin PBXShellScriptBuildPhase section */
		01BE28E7998BF79CA95BA486 /* [CP] Embed Pods Frameworks */ = {
			isa = PBXShellScriptBuildPhase;
			buildActionMask = 2147483647;
			files = (
			);
			inputFileListPaths = (
				"${PODS_ROOT}/Target Support Files/Pods-testApp/Pods-testApp-frameworks-${CONFIGURATION}-input-files.xcfilelist",
			);
			name = "[CP] Embed Pods Frameworks";
			outputFileListPaths = (
				"${PODS_ROOT}/Target Support Files/Pods-testApp/Pods-testApp-frameworks-${CONFIGURATION}-output-files.xcfilelist",
			);
			runOnlyForDeploymentPostprocessing = 0;
			shellPath = /bin/sh;
			shellScript = "\"${PODS_ROOT}/Target Support Files/Pods-testApp/Pods-testApp-frameworks.sh\"\n";
			showEnvVarsInLog = 0;
		};
		26E8D22323583DFF871F90D3 /* [CP] Copy Pods Resources */ = {
			isa = PBXShellScriptBuildPhase;
			buildActionMask = 2147483647;
			files = (
			);
			inputFileListPaths = (
				"${PODS_ROOT}/Target Support Files/Pods-testApp/Pods-testApp-resources-${CONFIGURATION}-input-files.xcfilelist",
			);
			name = "[CP] Copy Pods Resources";
			outputFileListPaths = (
				"${PODS_ROOT}/Target Support Files/Pods-testApp/Pods-testApp-resources-${CONFIGURATION}-output-files.xcfilelist",
			);
			runOnlyForDeploymentPostprocessing = 0;
			shellPath = /bin/sh;
			shellScript = "\"${PODS_ROOT}/Target Support Files/Pods-testApp/Pods-testApp-resources.sh\"\n";
			showEnvVarsInLog = 0;
		};
		395BD9C29A1F4FC477ECC11E /* [CP] Check Pods Manifest.lock */ = {
			isa = PBXShellScriptBuildPhase;
			buildActionMask = 2147483647;
			files = (
			);
			inputFileListPaths = (
			);
			inputPaths = (
				"${PODS_PODFILE_DIR_PATH}/Podfile.lock",
				"${PODS_ROOT}/Manifest.lock",
			);
			name = "[CP] Check Pods Manifest.lock";
			outputFileListPaths = (
			);
			outputPaths = (
				"$(DERIVED_FILE_DIR)/Pods-testApp-testAppUITests-checkManifestLockResult.txt",
			);
			runOnlyForDeploymentPostprocessing = 0;
			shellPath = /bin/sh;
			shellScript = "diff \"${PODS_PODFILE_DIR_PATH}/Podfile.lock\" \"${PODS_ROOT}/Manifest.lock\" > /dev/null\nif [ $? != 0 ] ; then\n    # print error to STDERR\n    echo \"error: The sandbox is not in sync with the Podfile.lock. Run 'pod install' or update your CocoaPods installation.\" >&2\n    exit 1\nfi\n# This output is used by Xcode 'outputs' to avoid re-running this script phase.\necho \"SUCCESS\" > \"${SCRIPT_OUTPUT_FILE_0}\"\n";
			showEnvVarsInLog = 0;
		};
		4F6C01D695D0B783B85A61AB /* [CP] Check Pods Manifest.lock */ = {
			isa = PBXShellScriptBuildPhase;
			buildActionMask = 2147483647;
			files = (
			);
			inputFileListPaths = (
			);
			inputPaths = (
				"${PODS_PODFILE_DIR_PATH}/Podfile.lock",
				"${PODS_ROOT}/Manifest.lock",
			);
			name = "[CP] Check Pods Manifest.lock";
			outputFileListPaths = (
			);
			outputPaths = (
				"$(DERIVED_FILE_DIR)/Pods-testApp-checkManifestLockResult.txt",
			);
			runOnlyForDeploymentPostprocessing = 0;
			shellPath = /bin/sh;
			shellScript = "diff \"${PODS_PODFILE_DIR_PATH}/Podfile.lock\" \"${PODS_ROOT}/Manifest.lock\" > /dev/null\nif [ $? != 0 ] ; then\n    # print error to STDERR\n    echo \"error: The sandbox is not in sync with the Podfile.lock. Run 'pod install' or update your CocoaPods installation.\" >&2\n    exit 1\nfi\n# This output is used by Xcode 'outputs' to avoid re-running this script phase.\necho \"SUCCESS\" > \"${SCRIPT_OUTPUT_FILE_0}\"\n";
			showEnvVarsInLog = 0;
		};
		5E0EC0F4A4B9C039EA8B28BC /* [CP] Check Pods Manifest.lock */ = {
			isa = PBXShellScriptBuildPhase;
			buildActionMask = 2147483647;
			files = (
			);
			inputFileListPaths = (
			);
			inputPaths = (
				"${PODS_PODFILE_DIR_PATH}/Podfile.lock",
				"${PODS_ROOT}/Manifest.lock",
			);
			name = "[CP] Check Pods Manifest.lock";
			outputFileListPaths = (
			);
			outputPaths = (
				"$(DERIVED_FILE_DIR)/Pods-testAppTests-checkManifestLockResult.txt",
			);
			runOnlyForDeploymentPostprocessing = 0;
			shellPath = /bin/sh;
			shellScript = "diff \"${PODS_PODFILE_DIR_PATH}/Podfile.lock\" \"${PODS_ROOT}/Manifest.lock\" > /dev/null\nif [ $? != 0 ] ; then\n    # print error to STDERR\n    echo \"error: The sandbox is not in sync with the Podfile.lock. Run 'pod install' or update your CocoaPods installation.\" >&2\n    exit 1\nfi\n# This output is used by Xcode 'outputs' to avoid re-running this script phase.\necho \"SUCCESS\" > \"${SCRIPT_OUTPUT_FILE_0}\"\n";
			showEnvVarsInLog = 0;
		};
		79B238791F30E67EE1B75207 /* [CP] Embed Pods Frameworks */ = {
			isa = PBXShellScriptBuildPhase;
			buildActionMask = 2147483647;
			files = (
			);
			inputFileListPaths = (
				"${PODS_ROOT}/Target Support Files/Pods-testApp-testAppUITests/Pods-testApp-testAppUITests-frameworks-${CONFIGURATION}-input-files.xcfilelist",
			);
			name = "[CP] Embed Pods Frameworks";
			outputFileListPaths = (
				"${PODS_ROOT}/Target Support Files/Pods-testApp-testAppUITests/Pods-testApp-testAppUITests-frameworks-${CONFIGURATION}-output-files.xcfilelist",
			);
			runOnlyForDeploymentPostprocessing = 0;
			shellPath = /bin/sh;
			shellScript = "\"${PODS_ROOT}/Target Support Files/Pods-testApp-testAppUITests/Pods-testApp-testAppUITests-frameworks.sh\"\n";
			showEnvVarsInLog = 0;
		};
		A0D4CECC605422830EEEC519 /* [CP] Copy Pods Resources */ = {
			isa = PBXShellScriptBuildPhase;
			buildActionMask = 2147483647;
			files = (
			);
			inputFileListPaths = (
				"${PODS_ROOT}/Target Support Files/Pods-testApp-testAppUITests/Pods-testApp-testAppUITests-resources-${CONFIGURATION}-input-files.xcfilelist",
			);
			name = "[CP] Copy Pods Resources";
			outputFileListPaths = (
				"${PODS_ROOT}/Target Support Files/Pods-testApp-testAppUITests/Pods-testApp-testAppUITests-resources-${CONFIGURATION}-output-files.xcfilelist",
			);
			runOnlyForDeploymentPostprocessing = 0;
			shellPath = /bin/sh;
			shellScript = "\"${PODS_ROOT}/Target Support Files/Pods-testApp-testAppUITests/Pods-testApp-testAppUITests-resources.sh\"\n";
			showEnvVarsInLog = 0;
		};
/* End PBXShellScriptBuildPhase section */

/* Begin PBXSourcesBuildPhase section */
		228BCE08252A2A66004A952D /* Sources */ = {
			isa = PBXSourcesBuildPhase;
			buildActionMask = 2147483647;
			files = (
				228BCE14252A2A66004A952D /* ViewController.swift in Sources */,
				228CBA5A2539959F00439331 /* CustomAuthPickerViewController.swift in Sources */,
				228BCE10252A2A66004A952D /* AppDelegate.swift in Sources */,
				228BCE12252A2A66004A952D /* SceneDelegate.swift in Sources */,
			);
			runOnlyForDeploymentPostprocessing = 0;
		};
		228BCE1E252A2A67004A952D /* Sources */ = {
			isa = PBXSourcesBuildPhase;
			buildActionMask = 2147483647;
			files = (
				228BCE27252A2A67004A952D /* testAppTests.swift in Sources */,
			);
			runOnlyForDeploymentPostprocessing = 0;
		};
		228BCE29252A2A67004A952D /* Sources */ = {
			isa = PBXSourcesBuildPhase;
			buildActionMask = 2147483647;
			files = (
				228BCE32252A2A67004A952D /* testAppUITests.swift in Sources */,
			);
			runOnlyForDeploymentPostprocessing = 0;
		};
/* End PBXSourcesBuildPhase section */

/* Begin PBXTargetDependency section */
		228BCE24252A2A67004A952D /* PBXTargetDependency */ = {
			isa = PBXTargetDependency;
			target = 228BCE0B252A2A66004A952D /* testApp */;
			targetProxy = 228BCE23252A2A67004A952D /* PBXContainerItemProxy */;
		};
		228BCE2F252A2A67004A952D /* PBXTargetDependency */ = {
			isa = PBXTargetDependency;
			target = 228BCE0B252A2A66004A952D /* testApp */;
			targetProxy = 228BCE2E252A2A67004A952D /* PBXContainerItemProxy */;
		};
/* End PBXTargetDependency section */

/* Begin PBXVariantGroup section */
		228BCE15252A2A66004A952D /* Main.storyboard */ = {
			isa = PBXVariantGroup;
			children = (
				228BCE16252A2A66004A952D /* Base */,
			);
			name = Main.storyboard;
			sourceTree = "<group>";
		};
		228BCE1A252A2A67004A952D /* LaunchScreen.storyboard */ = {
			isa = PBXVariantGroup;
			children = (
				228BCE1B252A2A67004A952D /* Base */,
			);
			name = LaunchScreen.storyboard;
			sourceTree = "<group>";
		};
/* End PBXVariantGroup section */

/* Begin XCBuildConfiguration section */
		228BCE34252A2A67004A952D /* Debug */ = {
			isa = XCBuildConfiguration;
			buildSettings = {
				ALWAYS_SEARCH_USER_PATHS = NO;
				CLANG_ANALYZER_NONNULL = YES;
				CLANG_ANALYZER_NUMBER_OBJECT_CONVERSION = YES_AGGRESSIVE;
				CLANG_CXX_LANGUAGE_STANDARD = "gnu++14";
				CLANG_CXX_LIBRARY = "libc++";
				CLANG_ENABLE_MODULES = YES;
				CLANG_ENABLE_OBJC_ARC = YES;
				CLANG_ENABLE_OBJC_WEAK = YES;
				CLANG_WARN_BLOCK_CAPTURE_AUTORELEASING = YES;
				CLANG_WARN_BOOL_CONVERSION = YES;
				CLANG_WARN_COMMA = YES;
				CLANG_WARN_CONSTANT_CONVERSION = YES;
				CLANG_WARN_DEPRECATED_OBJC_IMPLEMENTATIONS = YES;
				CLANG_WARN_DIRECT_OBJC_ISA_USAGE = YES_ERROR;
				CLANG_WARN_DOCUMENTATION_COMMENTS = YES;
				CLANG_WARN_EMPTY_BODY = YES;
				CLANG_WARN_ENUM_CONVERSION = YES;
				CLANG_WARN_INFINITE_RECURSION = YES;
				CLANG_WARN_INT_CONVERSION = YES;
				CLANG_WARN_NON_LITERAL_NULL_CONVERSION = YES;
				CLANG_WARN_OBJC_IMPLICIT_RETAIN_SELF = YES;
				CLANG_WARN_OBJC_LITERAL_CONVERSION = YES;
				CLANG_WARN_OBJC_ROOT_CLASS = YES_ERROR;
				CLANG_WARN_QUOTED_INCLUDE_IN_FRAMEWORK_HEADER = YES;
				CLANG_WARN_RANGE_LOOP_ANALYSIS = YES;
				CLANG_WARN_STRICT_PROTOTYPES = YES;
				CLANG_WARN_SUSPICIOUS_MOVE = YES;
				CLANG_WARN_UNGUARDED_AVAILABILITY = YES_AGGRESSIVE;
				CLANG_WARN_UNREACHABLE_CODE = YES;
				CLANG_WARN__DUPLICATE_METHOD_MATCH = YES;
				COPY_PHASE_STRIP = NO;
				DEBUG_INFORMATION_FORMAT = dwarf;
				ENABLE_STRICT_OBJC_MSGSEND = YES;
				ENABLE_TESTABILITY = YES;
				GCC_C_LANGUAGE_STANDARD = gnu11;
				GCC_DYNAMIC_NO_PIC = NO;
				GCC_NO_COMMON_BLOCKS = YES;
				GCC_OPTIMIZATION_LEVEL = 0;
				GCC_PREPROCESSOR_DEFINITIONS = (
					"DEBUG=1",
					"$(inherited)",
				);
				GCC_WARN_64_TO_32_BIT_CONVERSION = YES;
				GCC_WARN_ABOUT_RETURN_TYPE = YES_ERROR;
				GCC_WARN_UNDECLARED_SELECTOR = YES;
				GCC_WARN_UNINITIALIZED_AUTOS = YES_AGGRESSIVE;
				GCC_WARN_UNUSED_FUNCTION = YES;
				GCC_WARN_UNUSED_VARIABLE = YES;
				IPHONEOS_DEPLOYMENT_TARGET = 14.0;
				MTL_ENABLE_DEBUG_INFO = INCLUDE_SOURCE;
				MTL_FAST_MATH = YES;
				ONLY_ACTIVE_ARCH = YES;
				SDKROOT = iphoneos;
				SWIFT_ACTIVE_COMPILATION_CONDITIONS = DEBUG;
				SWIFT_OPTIMIZATION_LEVEL = "-Onone";
			};
			name = Debug;
		};
		228BCE35252A2A67004A952D /* Release */ = {
			isa = XCBuildConfiguration;
			buildSettings = {
				ALWAYS_SEARCH_USER_PATHS = NO;
				CLANG_ANALYZER_NONNULL = YES;
				CLANG_ANALYZER_NUMBER_OBJECT_CONVERSION = YES_AGGRESSIVE;
				CLANG_CXX_LANGUAGE_STANDARD = "gnu++14";
				CLANG_CXX_LIBRARY = "libc++";
				CLANG_ENABLE_MODULES = YES;
				CLANG_ENABLE_OBJC_ARC = YES;
				CLANG_ENABLE_OBJC_WEAK = YES;
				CLANG_WARN_BLOCK_CAPTURE_AUTORELEASING = YES;
				CLANG_WARN_BOOL_CONVERSION = YES;
				CLANG_WARN_COMMA = YES;
				CLANG_WARN_CONSTANT_CONVERSION = YES;
				CLANG_WARN_DEPRECATED_OBJC_IMPLEMENTATIONS = YES;
				CLANG_WARN_DIRECT_OBJC_ISA_USAGE = YES_ERROR;
				CLANG_WARN_DOCUMENTATION_COMMENTS = YES;
				CLANG_WARN_EMPTY_BODY = YES;
				CLANG_WARN_ENUM_CONVERSION = YES;
				CLANG_WARN_INFINITE_RECURSION = YES;
				CLANG_WARN_INT_CONVERSION = YES;
				CLANG_WARN_NON_LITERAL_NULL_CONVERSION = YES;
				CLANG_WARN_OBJC_IMPLICIT_RETAIN_SELF = YES;
				CLANG_WARN_OBJC_LITERAL_CONVERSION = YES;
				CLANG_WARN_OBJC_ROOT_CLASS = YES_ERROR;
				CLANG_WARN_QUOTED_INCLUDE_IN_FRAMEWORK_HEADER = YES;
				CLANG_WARN_RANGE_LOOP_ANALYSIS = YES;
				CLANG_WARN_STRICT_PROTOTYPES = YES;
				CLANG_WARN_SUSPICIOUS_MOVE = YES;
				CLANG_WARN_UNGUARDED_AVAILABILITY = YES_AGGRESSIVE;
				CLANG_WARN_UNREACHABLE_CODE = YES;
				CLANG_WARN__DUPLICATE_METHOD_MATCH = YES;
				COPY_PHASE_STRIP = NO;
				DEBUG_INFORMATION_FORMAT = "dwarf-with-dsym";
				ENABLE_NS_ASSERTIONS = NO;
				ENABLE_STRICT_OBJC_MSGSEND = YES;
				GCC_C_LANGUAGE_STANDARD = gnu11;
				GCC_NO_COMMON_BLOCKS = YES;
				GCC_WARN_64_TO_32_BIT_CONVERSION = YES;
				GCC_WARN_ABOUT_RETURN_TYPE = YES_ERROR;
				GCC_WARN_UNDECLARED_SELECTOR = YES;
				GCC_WARN_UNINITIALIZED_AUTOS = YES_AGGRESSIVE;
				GCC_WARN_UNUSED_FUNCTION = YES;
				GCC_WARN_UNUSED_VARIABLE = YES;
				IPHONEOS_DEPLOYMENT_TARGET = 14.0;
				MTL_ENABLE_DEBUG_INFO = NO;
				MTL_FAST_MATH = YES;
				SDKROOT = iphoneos;
				SWIFT_COMPILATION_MODE = wholemodule;
				SWIFT_OPTIMIZATION_LEVEL = "-O";
				VALIDATE_PRODUCT = YES;
			};
			name = Release;
		};
		228BCE37252A2A67004A952D /* Debug */ = {
			isa = XCBuildConfiguration;
			baseConfigurationReference = B801C7A58D42819AFB869CA4 /* Pods-testApp.debug.xcconfig */;
			buildSettings = {
				ASSETCATALOG_COMPILER_APPICON_NAME = AppIcon;
				ASSETCATALOG_COMPILER_GLOBAL_ACCENT_COLOR_NAME = AccentColor;
				CODE_SIGN_ENTITLEMENTS = testApp/testApp.entitlements;
				CODE_SIGN_STYLE = Automatic;
				DEVELOPMENT_TEAM = 728MNT2Y45;
				INFOPLIST_FILE = testApp/Info.plist;
				IPHONEOS_DEPLOYMENT_TARGET = 13.0;
				LD_RUNPATH_SEARCH_PATHS = (
					"$(inherited)",
					"@executable_path/Frameworks",
				);
				PRODUCT_BUNDLE_IDENTIFIER = com.hanjirou.testApp;
				PRODUCT_NAME = "$(TARGET_NAME)";
				SWIFT_VERSION = 5.0;
				TARGETED_DEVICE_FAMILY = "1,2";
			};
			name = Debug;
		};
		228BCE38252A2A67004A952D /* Release */ = {
			isa = XCBuildConfiguration;
			baseConfigurationReference = 4147ABE22FE9D8E2829AB062 /* Pods-testApp.release.xcconfig */;
			buildSettings = {
				ASSETCATALOG_COMPILER_APPICON_NAME = AppIcon;
				ASSETCATALOG_COMPILER_GLOBAL_ACCENT_COLOR_NAME = AccentColor;
				CODE_SIGN_ENTITLEMENTS = testApp/testApp.entitlements;
				CODE_SIGN_STYLE = Automatic;
				DEVELOPMENT_TEAM = 728MNT2Y45;
				INFOPLIST_FILE = testApp/Info.plist;
				IPHONEOS_DEPLOYMENT_TARGET = 13.0;
				LD_RUNPATH_SEARCH_PATHS = (
					"$(inherited)",
					"@executable_path/Frameworks",
				);
				PRODUCT_BUNDLE_IDENTIFIER = com.hanjirou.testApp;
				PRODUCT_NAME = "$(TARGET_NAME)";
				SWIFT_VERSION = 5.0;
				TARGETED_DEVICE_FAMILY = "1,2";
			};
			name = Release;
		};
		228BCE3A252A2A67004A952D /* Debug */ = {
			isa = XCBuildConfiguration;
			baseConfigurationReference = D25E247FDF16229C3B2C5641 /* Pods-testAppTests.debug.xcconfig */;
			buildSettings = {
				ALWAYS_EMBED_SWIFT_STANDARD_LIBRARIES = YES;
				BUNDLE_LOADER = "$(TEST_HOST)";
				CODE_SIGN_STYLE = Automatic;
				DEVELOPMENT_TEAM = 728MNT2Y45;
				INFOPLIST_FILE = testAppTests/Info.plist;
				IPHONEOS_DEPLOYMENT_TARGET = 14.0;
				LD_RUNPATH_SEARCH_PATHS = (
					"$(inherited)",
					"@executable_path/Frameworks",
					"@loader_path/Frameworks",
				);
				PRODUCT_BUNDLE_IDENTIFIER = com.hanjirou.testAppTests;
				PRODUCT_NAME = "$(TARGET_NAME)";
				SWIFT_VERSION = 5.0;
				TARGETED_DEVICE_FAMILY = "1,2";
				TEST_HOST = "$(BUILT_PRODUCTS_DIR)/testApp.app/testApp";
			};
			name = Debug;
		};
		228BCE3B252A2A67004A952D /* Release */ = {
			isa = XCBuildConfiguration;
			baseConfigurationReference = 4AA96529FA0001DF7BA797BC /* Pods-testAppTests.release.xcconfig */;
			buildSettings = {
				ALWAYS_EMBED_SWIFT_STANDARD_LIBRARIES = YES;
				BUNDLE_LOADER = "$(TEST_HOST)";
				CODE_SIGN_STYLE = Automatic;
				DEVELOPMENT_TEAM = 728MNT2Y45;
				INFOPLIST_FILE = testAppTests/Info.plist;
				IPHONEOS_DEPLOYMENT_TARGET = 14.0;
				LD_RUNPATH_SEARCH_PATHS = (
					"$(inherited)",
					"@executable_path/Frameworks",
					"@loader_path/Frameworks",
				);
				PRODUCT_BUNDLE_IDENTIFIER = com.hanjirou.testAppTests;
				PRODUCT_NAME = "$(TARGET_NAME)";
				SWIFT_VERSION = 5.0;
				TARGETED_DEVICE_FAMILY = "1,2";
				TEST_HOST = "$(BUILT_PRODUCTS_DIR)/testApp.app/testApp";
			};
			name = Release;
		};
		228BCE3D252A2A67004A952D /* Debug */ = {
			isa = XCBuildConfiguration;
			baseConfigurationReference = BACE1808CE294A2DB2B40267 /* Pods-testApp-testAppUITests.debug.xcconfig */;
			buildSettings = {
				ALWAYS_EMBED_SWIFT_STANDARD_LIBRARIES = YES;
				CODE_SIGN_STYLE = Automatic;
				DEVELOPMENT_TEAM = 728MNT2Y45;
				INFOPLIST_FILE = testAppUITests/Info.plist;
				LD_RUNPATH_SEARCH_PATHS = (
					"$(inherited)",
					"@executable_path/Frameworks",
					"@loader_path/Frameworks",
				);
				PRODUCT_BUNDLE_IDENTIFIER = com.hanjirou.testAppUITests;
				PRODUCT_NAME = "$(TARGET_NAME)";
				SWIFT_VERSION = 5.0;
				TARGETED_DEVICE_FAMILY = "1,2";
				TEST_TARGET_NAME = testApp;
			};
			name = Debug;
		};
		228BCE3E252A2A67004A952D /* Release */ = {
			isa = XCBuildConfiguration;
			baseConfigurationReference = CBC81AC243EB161C1E8D3332 /* Pods-testApp-testAppUITests.release.xcconfig */;
			buildSettings = {
				ALWAYS_EMBED_SWIFT_STANDARD_LIBRARIES = YES;
				CODE_SIGN_STYLE = Automatic;
				DEVELOPMENT_TEAM = 728MNT2Y45;
				INFOPLIST_FILE = testAppUITests/Info.plist;
				LD_RUNPATH_SEARCH_PATHS = (
					"$(inherited)",
					"@executable_path/Frameworks",
					"@loader_path/Frameworks",
				);
				PRODUCT_BUNDLE_IDENTIFIER = com.hanjirou.testAppUITests;
				PRODUCT_NAME = "$(TARGET_NAME)";
				SWIFT_VERSION = 5.0;
				TARGETED_DEVICE_FAMILY = "1,2";
				TEST_TARGET_NAME = testApp;
			};
			name = Release;
		};
/* End XCBuildConfiguration section */

/* Begin XCConfigurationList section */
		228BCE07252A2A66004A952D /* Build configuration list for PBXProject "testApp" */ = {
			isa = XCConfigurationList;
			buildConfigurations = (
				228BCE34252A2A67004A952D /* Debug */,
				228BCE35252A2A67004A952D /* Release */,
			);
			defaultConfigurationIsVisible = 0;
			defaultConfigurationName = Release;
		};
		228BCE36252A2A67004A952D /* Build configuration list for PBXNativeTarget "testApp" */ = {
			isa = XCConfigurationList;
			buildConfigurations = (
				228BCE37252A2A67004A952D /* Debug */,
				228BCE38252A2A67004A952D /* Release */,
			);
			defaultConfigurationIsVisible = 0;
			defaultConfigurationName = Release;
		};
		228BCE39252A2A67004A952D /* Build configuration list for PBXNativeTarget "testAppTests" */ = {
			isa = XCConfigurationList;
			buildConfigurations = (
				228BCE3A252A2A67004A952D /* Debug */,
				228BCE3B252A2A67004A952D /* Release */,
			);
			defaultConfigurationIsVisible = 0;
			defaultConfigurationName = Release;
		};
		228BCE3C252A2A67004A952D /* Build configuration list for PBXNativeTarget "testAppUITests" */ = {
			isa = XCConfigurationList;
			buildConfigurations = (
				228BCE3D252A2A67004A952D /* Debug */,
				228BCE3E252A2A67004A952D /* Release */,
			);
			defaultConfigurationIsVisible = 0;
			defaultConfigurationName = Release;
		};
/* End XCConfigurationList section */
	};
	rootObject = 228BCE04252A2A66004A952D /* Project object */;
}
